
Microsoft Visual Studio Solution File, Format Version 12.00
# Visual Studio 2013
VisualStudioVersion = 12.0.21005.1
MinimumVisualStudioVersion = 10.0.40219.1
Project("{CC5FD16D-436D-48AD-A40C-5A424C6E3E79}") = "RESTServices", "RESTServices\RESTServices.ccproj", "{9615F237-8863-4B0C-A51E-B36BD0D0DC34}"
EndProject
Project("{FAE04EC0-301F-11D3-BF4B-00C04F79EFBC}") = "RESTApi", "RESTApi\RESTApi.csproj", "{565E4738-B9EB-4140-9F8C-E4C23630D1B0}"
EndProject
Global
	GlobalSection(SolutionConfigurationPlatforms) = preSolution
		Debug|Any CPU = Debug|Any CPU
		Release|Any CPU = Release|Any CPU
	EndGlobalSection
	GlobalSection(ProjectConfigurationPlatforms) = postSolution
		{9615F237-8863-4B0C-A51E-B36BD0D0DC34}.Debug|Any CPU.ActiveCfg = Debug|Any CPU
		{9615F237-8863-4B0C-A51E-B36BD0D0DC34}.Debug|Any CPU.Build.0 = Debug|Any CPU
		{9615F237-8863-4B0C-A51E-B36BD0D0DC34}.Release|Any CPU.ActiveCfg = Release|Any CPU
		{9615F237-8863-4B0C-A51E-B36BD0D0DC34}.Release|Any CPU.Build.0 = Release|Any CPU
		{565E4738-B9EB-4140-9F8C-E4C23630D1B0}.Debug|Any CPU.ActiveCfg = Debug|Any CPU
		{565E4738-B9EB-4140-9F8C-E4C23630D1B0}.Debug|Any CPU.Build.0 = Debug|Any CPU
		{565E4738-B9EB-4140-9F8C-E4C23630D1B0}.Release|Any CPU.ActiveCfg = Release|Any CPU
		{565E4738-B9EB-4140-9F8C-E4C23630D1B0}.Release|Any CPU.Build.0 = Release|Any CPU
	EndGlobalSection
	GlobalSection(SolutionProperties) = preSolution
		HideSolutionNode = FALSE
	EndGlobalSection
EndGlobal
